<?xml version="1.0" encoding="utf-8"?>
<Project ToolsVersion="4.0" xmlns="http://schemas.microsoft.com/developer/msbuild/2003">
  <ItemGroup>
    <Filter Include="Source Files">
      <UniqueIdentifier>{4FC737F1-C7A5-4376-A066-2A32D752A2FF}</UniqueIdentifier>
      <Extensions>cpp;c;cc;cxx;def;odl;idl;hpj;bat;asm;asmx</Extensions>
    </Filter>
    <Filter Include="Header Files">
      <UniqueIdentifier>{93995380-89BD-4b04-88EB-625FBE52EBFB}</UniqueIdentifier>
      <Extensions>h;hh;hpp;hxx;hm;inl;inc;xsd</Extensions>
    </Filter>
    <Filter Include="Resource Files">
      <UniqueIdentifier>{67DA6AB6-F800-4c08-8B7A-83BB121AAD01}</UniqueIdentifier>
      <Extensions>rc;ico;cur;bmp;dlg;rc2;rct;bin;rgs;gif;jpg;jpeg;jpe;resx;tiff;tif;png;wav</Extensions>
    </Filter>
  </ItemGroup>
  <ItemGroup>
    <ClCompile Include="..\file_io\io_control.c">
      <Filter>Source Files</Filter>
    </ClCompile>
    <ClCompile Include="..\file_io\_1D_file_in.c">
      <Filter>Source Files</Filter>
    </ClCompile>
    <ClCompile Include="..\file_io\_1D_file_out.c">
      <Filter>Source Files</Filter>
    </ClCompile>
    <ClCompile Include="..\finite_volume\Godunov_solver_EUL_source.c">
      <Filter>Source Files</Filter>
    </ClCompile>
    <ClCompile Include="..\finite_volume\Godunov_solver_LAG_source.c">
      <Filter>Source Files</Filter>
    </ClCompile>
    <ClCompile Include="..\finite_volume\GRP_solver_EUL_source.c">
      <Filter>Source Files</Filter>
    </ClCompile>
    <ClCompile Include="..\finite_volume\GRP_solver_LAG_source.c">
      <Filter>Source Files</Filter>
    </ClCompile>
    <ClCompile Include="hydrocode.c">
      <Filter>Source Files</Filter>
    </ClCompile>
    <ClCompile Include="..\riemann_solver\linear_GRP_solver_Edir.c">
      <Filter>Source Files</Filter>
    </ClCompile>
    <ClCompile Include="..\riemann_solver\linear_GRP_solver_LAG.c">
      <Filter>Source Files</Filter>
    </ClCompile>
    <ClCompile Include="..\riemann_solver\Riemann_solver_exact_Ben.c">
      <Filter>Source Files</Filter>
    </ClCompile>
    <ClCompile Include="..\riemann_solver\Riemann_solver_exact_Toro.c">
      <Filter>Source Files</Filter>
    </ClCompile>
    <ClCompile Include="..\tools\sys_pro.c">
      <Filter>Source Files</Filter>
    </ClCompile>
    <ClCompile Include="..\file_io\config_load.c">
      <Filter>Source Files</Filter>
    </ClCompile>
    <ClCompile Include="..\inter_process\slope_limiter.c">
      <Filter>Source Files</Filter>
    </ClCompile>
    <ClCompile Include="..\finite_volume\Godunov_solver_ALE_source.c">
      <Filter>Source Files</Filter>
    </ClCompile>
    <ClCompile Include="..\finite_volume\GRP_solver_ALE_source.c">
      <Filter>Source Files</Filter>
    </ClCompile>
  </ItemGroup>
  <ItemGroup>
    <ClInclude Include="..\include\file_io.h">
      <Filter>Header Files</Filter>
    </ClInclude>
    <ClInclude Include="..\include\finite_volume.h">
      <Filter>Header Files</Filter>
    </ClInclude>
    <ClInclude Include="..\include\Riemann_solver.h">
      <Filter>Header Files</Filter>
    </ClInclude>
    <ClInclude Include="..\include\tools.h">
      <Filter>Header Files</Filter>
    </ClInclude>
    <ClInclude Include="..\include\var_struc.h">
      <Filter>Header Files</Filter>
    </ClInclude>
    <ClInclude Include="..\include\inter_process.h">
      <Filter>Header Files</Filter>
    </ClInclude>
  </ItemGroup>
</Project>